
Microsoft Visual Studio Solution File, Format Version 12.00
# Visual Studio Version 17
VisualStudioVersion = 17.0.32112.339
MinimumVisualStudioVersion = 10.0.40219.1
Project("{8BC9CEB8-8B4A-11D0-8D11-00A0C91BC942}") = "Lesson8", "Lesson8\Lesson8.vcxproj", "{67130A1C-5890-460A-8279-61579410610C}"
EndProject
Global
	GlobalSection(SolutionConfigurationPlatforms) = preSolution
		Debug|x64 = Debug|x64
		Debug|x86 = Debug|x86
		Release|x64 = Release|x64
		Release|x86 = Release|x86
	EndGlobalSection
	GlobalSection(ProjectConfigurationPlatforms) = postSolution
		{67130A1C-5890-460A-8279-61579410610C}.Debug|x64.ActiveCfg = Debug|x64
		{67130A1C-5890-460A-8279-61579410610C}.Debug|x64.Build.0 = Debug|x64
		{67130A1C-5890-460A-8279-61579410610C}.Debug|x86.ActiveCfg = Debug|Win32
		{67130A1C-5890-460A-8279-61579410610C}.Debug|x86.Build.0 = Debug|Win32
		{67130A1C-5890-460A-8279-61579410610C}.Release|x64.ActiveCfg = Release|x64
		{67130A1C-5890-460A-8279-61579410610C}.Release|x64.Build.0 = Release|x64
		{67130A1C-5890-460A-8279-61579410610C}.Release|x86.ActiveCfg = Release|Win32
		{67130A1C-5890-460A-8279-61579410610C}.Release|x86.Build.0 = Release|Win32
	EndGlobalSection
	GlobalSection(SolutionProperties) = preSolution
		HideSolutionNode = FALSE
	EndGlobalSection
	GlobalSection(ExtensibilityGlobals) = postSolution
		SolutionGuid = {31F74274-965E-4C56-90B0-4BD3F614AF2C}
	EndGlobalSection
EndGlobal
