
Microsoft Visual Studio Solution File, Format Version 12.00
# Visual Studio Version 17
VisualStudioVersion = 17.0.32112.339
MinimumVisualStudioVersion = 10.0.40219.1
Project("{8BC9CEB8-8B4A-11D0-8D11-00A0C91BC942}") = "Lesson40", "Lesson40\Lesson40.vcxproj", "{68E75FF5-29C6-4D3B-985C-4A440C425D81}"
EndProject
Global
	GlobalSection(SolutionConfigurationPlatforms) = preSolution
		Debug|x64 = Debug|x64
		Debug|x86 = Debug|x86
		Release|x64 = Release|x64
		Release|x86 = Release|x86
	EndGlobalSection
	GlobalSection(ProjectConfigurationPlatforms) = postSolution
		{68E75FF5-29C6-4D3B-985C-4A440C425D81}.Debug|x64.ActiveCfg = Debug|x64
		{68E75FF5-29C6-4D3B-985C-4A440C425D81}.Debug|x64.Build.0 = Debug|x64
		{68E75FF5-29C6-4D3B-985C-4A440C425D81}.Debug|x86.ActiveCfg = Debug|Win32
		{68E75FF5-29C6-4D3B-985C-4A440C425D81}.Debug|x86.Build.0 = Debug|Win32
		{68E75FF5-29C6-4D3B-985C-4A440C425D81}.Release|x64.ActiveCfg = Release|x64
		{68E75FF5-29C6-4D3B-985C-4A440C425D81}.Release|x64.Build.0 = Release|x64
		{68E75FF5-29C6-4D3B-985C-4A440C425D81}.Release|x86.ActiveCfg = Release|Win32
		{68E75FF5-29C6-4D3B-985C-4A440C425D81}.Release|x86.Build.0 = Release|Win32
	EndGlobalSection
	GlobalSection(SolutionProperties) = preSolution
		HideSolutionNode = FALSE
	EndGlobalSection
	GlobalSection(ExtensibilityGlobals) = postSolution
		SolutionGuid = {CB724C40-7B9F-4326-8FB2-C05369FA03EB}
	EndGlobalSection
EndGlobal
