
Microsoft Visual Studio Solution File, Format Version 12.00
# Visual Studio Version 17
VisualStudioVersion = 17.0.32112.339
MinimumVisualStudioVersion = 10.0.40219.1
Project("{8BC9CEB8-8B4A-11D0-8D11-00A0C91BC942}") = "Lesson52", "Lesson52\Lesson52.vcxproj", "{319059F5-E378-45F1-9A1A-562186F26ACD}"
EndProject
Global
	GlobalSection(SolutionConfigurationPlatforms) = preSolution
		Debug|x64 = Debug|x64
		Debug|x86 = Debug|x86
		Release|x64 = Release|x64
		Release|x86 = Release|x86
	EndGlobalSection
	GlobalSection(ProjectConfigurationPlatforms) = postSolution
		{319059F5-E378-45F1-9A1A-562186F26ACD}.Debug|x64.ActiveCfg = Debug|x64
		{319059F5-E378-45F1-9A1A-562186F26ACD}.Debug|x64.Build.0 = Debug|x64
		{319059F5-E378-45F1-9A1A-562186F26ACD}.Debug|x86.ActiveCfg = Debug|Win32
		{319059F5-E378-45F1-9A1A-562186F26ACD}.Debug|x86.Build.0 = Debug|Win32
		{319059F5-E378-45F1-9A1A-562186F26ACD}.Release|x64.ActiveCfg = Release|x64
		{319059F5-E378-45F1-9A1A-562186F26ACD}.Release|x64.Build.0 = Release|x64
		{319059F5-E378-45F1-9A1A-562186F26ACD}.Release|x86.ActiveCfg = Release|Win32
		{319059F5-E378-45F1-9A1A-562186F26ACD}.Release|x86.Build.0 = Release|Win32
	EndGlobalSection
	GlobalSection(SolutionProperties) = preSolution
		HideSolutionNode = FALSE
	EndGlobalSection
	GlobalSection(ExtensibilityGlobals) = postSolution
		SolutionGuid = {55DE45AD-C9AB-4223-914D-8AEFF3FD9BAE}
	EndGlobalSection
EndGlobal
